
Microsoft Visual Studio Solution File, Format Version 12.00
# Visual Studio Version 16
VisualStudioVersion = 16.0.30611.23
MinimumVisualStudioVersion = 10.0.40219.1
Project("{FAE04EC0-301F-11D3-BF4B-00C04F79EFBC}") = "CodingSimplified.ToDoApplication", "CodingSimplified.ToDoApplication\CodingSimplified.ToDoApplication.csproj", "{1200C105-0A0D-4DCA-BADD-5A5462877915}"
EndProject
Global
	GlobalSection(SolutionConfigurationPlatforms) = preSolution
		Debug|Any CPU = Debug|Any CPU
		Release|Any CPU = Release|Any CPU
	EndGlobalSection
	GlobalSection(ProjectConfigurationPlatforms) = postSolution
		{1200C105-0A0D-4DCA-BADD-5A5462877915}.Debug|Any CPU.ActiveCfg = Debug|Any CPU
		{1200C105-0A0D-4DCA-BADD-5A5462877915}.Debug|Any CPU.Build.0 = Debug|Any CPU
		{1200C105-0A0D-4DCA-BADD-5A5462877915}.Release|Any CPU.ActiveCfg = Release|Any CPU
		{1200C105-0A0D-4DCA-BADD-5A5462877915}.Release|Any CPU.Build.0 = Release|Any CPU
	EndGlobalSection
	GlobalSection(SolutionProperties) = preSolution
		HideSolutionNode = FALSE
	EndGlobalSection
	GlobalSection(ExtensibilityGlobals) = postSolution
		SolutionGuid = {80E6195F-6F82-4820-BDC9-288DB1563370}
	EndGlobalSection
EndGlobal
